
Microsoft Visual Studio Solution File, Format Version 12.00
# Visual Studio 15
VisualStudioVersion = 15.0.28307.438
MinimumVisualStudioVersion = 10.0.40219.1
Project("{8BC9CEB8-8B4A-11D0-8D11-00A0C91BC942}") = "VertigoSoftRenderer", "VertigoSoftRenderer.vcxproj", "{5AF8399C-CDAC-4881-8A4B-C34FE7D98CAD}"
EndProject
Global
	GlobalSection(SolutionConfigurationPlatforms) = preSolution
		Debug|x64 = Debug|x64
		Debug|x86 = Debug|x86
		Release|x64 = Release|x64
		Release|x86 = Release|x86
	EndGlobalSection
	GlobalSection(ProjectConfigurationPlatforms) = postSolution
		{5AF8399C-CDAC-4881-8A4B-C34FE7D98CAD}.Debug|x64.ActiveCfg = Debug|x64
		{5AF8399C-CDAC-4881-8A4B-C34FE7D98CAD}.Debug|x64.Build.0 = Debug|x64
		{5AF8399C-CDAC-4881-8A4B-C34FE7D98CAD}.Debug|x86.ActiveCfg = Debug|Win32
		{5AF8399C-CDAC-4881-8A4B-C34FE7D98CAD}.Debug|x86.Build.0 = Debug|Win32
		{5AF8399C-CDAC-4881-8A4B-C34FE7D98CAD}.Release|x64.ActiveCfg = Release|x64
		{5AF8399C-CDAC-4881-8A4B-C34FE7D98CAD}.Release|x64.Build.0 = Release|x64
		{5AF8399C-CDAC-4881-8A4B-C34FE7D98CAD}.Release|x86.ActiveCfg = Release|Win32
		{5AF8399C-CDAC-4881-8A4B-C34FE7D98CAD}.Release|x86.Build.0 = Release|Win32
	EndGlobalSection
	GlobalSection(SolutionProperties) = preSolution
		HideSolutionNode = FALSE
	EndGlobalSection
	GlobalSection(ExtensibilityGlobals) = postSolution
		SolutionGuid = {F753405E-328C-4E8A-9250-C349ACC7B01A}
	EndGlobalSection
EndGlobal
